
Microsoft Visual Studio Solution File, Format Version 12.00
# Visual Studio Version 17
VisualStudioVersion = 17.2.32630.192
MinimumVisualStudioVersion = 10.0.40219.1
Project("{FAE04EC0-301F-11D3-BF4B-00C04F79EFBC}") = "Blackjack_ConsoleApp", "Blackjack_ConsoleApp\Blackjack_ConsoleApp.csproj", "{99F9CF00-766A-409C-A2D4-0A46AF771263}"
EndProject
Global
	GlobalSection(SolutionConfigurationPlatforms) = preSolution
		Debug|Any CPU = Debug|Any CPU
		Release|Any CPU = Release|Any CPU
	EndGlobalSection
	GlobalSection(ProjectConfigurationPlatforms) = postSolution
		{99F9CF00-766A-409C-A2D4-0A46AF771263}.Debug|Any CPU.ActiveCfg = Debug|Any CPU
		{99F9CF00-766A-409C-A2D4-0A46AF771263}.Debug|Any CPU.Build.0 = Debug|Any CPU
		{99F9CF00-766A-409C-A2D4-0A46AF771263}.Release|Any CPU.ActiveCfg = Release|Any CPU
		{99F9CF00-766A-409C-A2D4-0A46AF771263}.Release|Any CPU.Build.0 = Release|Any CPU
	EndGlobalSection
	GlobalSection(SolutionProperties) = preSolution
		HideSolutionNode = FALSE
	EndGlobalSection
	GlobalSection(ExtensibilityGlobals) = postSolution
		SolutionGuid = {08968A45-84F1-4EA1-8BE6-DCED19FE99A6}
	EndGlobalSection
EndGlobal
